[[package]]
name = "aiofiles"
version = "0.8.0"
description = "File support for asyncio."
category = "main"
optional = false
python-versions = ">=3.6,<4.0"

[[package]]
name = "certifi"
version = "2022.6.15"
description = "Python package for providing Mozilla's CA Bundle."
category = "main"
optional = false
python-versions = ">=3.6"

[[package]]
name = "chardet"
version = "3.0.4"
description = "Universal encoding detector for Python 2 and 3"
category = "main"
optional = false
python-versions = "*"

[[package]]
name = "contextvars"
version = "2.4"
description = "PEP 567 Backport"
category = "main"
optional = false
python-versions = "*"

[package.dependencies]
immutables = ">=0.9"

[[package]]
name = "coverage"
version = "4.5.4"
description = "Code coverage measurement for Python"
category = "dev"
optional = false
python-versions = ">=2.6, !=3.0.*, !=3.1.*, !=3.2.*, <4"

[[package]]
name = "flake8"
version = "3.9.2"
description = "the modular source code checker: pep8 pyflakes and co"
category = "dev"
optional = false
python-versions = "!=3.0.*,!=3.1.*,!=3.2.*,!=3.3.*,!=3.4.*,>=2.7"

[package.dependencies]
importlib-metadata = {version = "*", markers = "python_version < \"3.8\""}
mccabe = ">=0.6.0,<0.7.0"
pycodestyle = ">=2.7.0,<2.8.0"
pyflakes = ">=2.3.0,<2.4.0"

[[package]]
name = "h11"
version = "0.9.0"
description = "A pure-Python, bring-your-own-I/O implementation of HTTP/1.1"
category = "main"
optional = false
python-versions = "*"

[[package]]
name = "h2"
version = "3.2.0"
description = "HTTP/2 State-Machine based protocol implementation"
category = "main"
optional = false
python-versions = "*"

[package.dependencies]
hpack = ">=3.0,<4"
hyperframe = ">=5.2.0,<6"

[[package]]
name = "hpack"
version = "3.0.0"
description = "Pure-Python HPACK header compression"
category = "main"
optional = false
python-versions = "*"

[[package]]
name = "hstspreload"
version = "2022.8.1"
description = "Chromium HSTS Preload list as a Python package"
category = "main"
optional = false
python-versions = ">=3.6"

[[package]]
name = "httptools"
version = "0.4.0"
description = "A collection of framework independent HTTP protocol utils."
category = "main"
optional = false
python-versions = ">=3.5.0"

[package.extras]
test = ["Cython (>=0.29.24,<0.30.0)"]

[[package]]
name = "httpx"
version = "0.11.1"
description = "The next generation HTTP client."
category = "main"
optional = false
python-versions = ">=3.6"

[package.dependencies]
certifi = "*"
chardet = ">=3.0.0,<4.0.0"
h11 = ">=0.8,<0.10"
h2 = ">=3.0.0,<4.0.0"
hstspreload = "*"
idna = ">=2.0.0,<3.0.0"
rfc3986 = ">=1.3,<2"
sniffio = ">=1.0.0,<2.0.0"
urllib3 = ">=1.0.0,<2.0.0"

[[package]]
name = "hyperframe"
version = "5.2.0"
description = "HTTP/2 framing layer for Python"
category = "main"
optional = false
python-versions = "*"

[[package]]
name = "idna"
version = "2.10"
description = "Internationalized Domain Names in Applications (IDNA)"
category = "main"
optional = false
python-versions = ">=2.7, !=3.0.*, !=3.1.*, !=3.2.*, !=3.3.*"

[[package]]
name = "immutables"
version = "0.18"
description = "Immutable Collections"
category = "main"
optional = false
python-versions = ">=3.6"

[package.dependencies]
typing-extensions = {version = ">=3.7.4.3", markers = "python_version < \"3.8\""}

[package.extras]
test = ["pytest (>=6.2.4,<6.3.0)", "mypy (==0.942)", "pycodestyle (>=2.6.0,<2.7.0)", "flake8 (>=3.8.4,<3.9.0)"]

[[package]]
name = "importlib-metadata"
version = "4.8.3"
description = "Read metadata from Python packages"
category = "dev"
optional = false
python-versions = ">=3.6"

[package.dependencies]
typing-extensions = {version = ">=3.6.4", markers = "python_version < \"3.8\""}
zipp = ">=0.5"

[package.extras]
testing = ["importlib-resources (>=1.3)", "pytest-mypy", "pytest-black (>=0.3.7)", "pytest-perf (>=0.9.2)", "flufl.flake8", "pyfakefs", "pep517", "packaging", "pytest-enabler (>=1.0.1)", "pytest-cov", "pytest-flake8", "pytest-checkdocs (>=2.4)", "pytest (>=6)"]
perf = ["ipython"]
docs = ["rst.linker (>=1.9)", "jaraco.packaging (>=8.2)", "sphinx"]

[[package]]
name = "mccabe"
version = "0.6.1"
description = "McCabe checker, plugin for flake8"
category = "dev"
optional = false
python-versions = "*"

[[package]]
name = "multidict"
version = "4.7.6"
description = "multidict implementation"
category = "main"
optional = false
python-versions = ">=3.5"

[[package]]
name = "prometheus-client"
version = "0.7.1"
description = "Python client for the Prometheus monitoring system."
category = "main"
optional = false
python-versions = "*"

[package.extras]
twisted = ["twisted"]

[[package]]
name = "pycodestyle"
version = "2.7.0"
description = "Python style guide checker"
category = "dev"
optional = false
python-versions = ">=2.7, !=3.0.*, !=3.1.*, !=3.2.*, !=3.3.*"

[[package]]
name = "pyflakes"
version = "2.3.1"
description = "passive checker of Python programs"
category = "dev"
optional = false
python-versions = ">=2.7, !=3.0.*, !=3.1.*, !=3.2.*, !=3.3.*"

[[package]]
name = "rfc3986"
version = "1.5.0"
description = "Validating URI References per RFC 3986"
category = "main"
optional = false
python-versions = "*"

[package.extras]
idna2008 = ["idna"]

[[package]]
name = "sanic"
version = "20.3.0"
description = "A web server and web framework that's written to go fast. Build fast. Run fast."
category = "main"
optional = false
python-versions = ">=3.6"

[package.dependencies]
aiofiles = ">=0.3.0"
httptools = ">=0.0.10"
httpx = "0.11.1"
multidict = ">=4.0,<5.0"
ujson = {version = ">=1.35", markers = "sys_platform != \"win32\" and implementation_name == \"cpython\""}
uvloop = {version = ">=0.5.3", markers = "sys_platform != \"win32\" and implementation_name == \"cpython\""}
websockets = ">=7.0,<9.0"

[package.extras]
test = ["ujson (>=1.35)", "uvloop (>=0.5.3)", "pytest-benchmark", "pytest-sugar", "pytest-sanic", "beautifulsoup4", "httpcore (==0.3.0)", "pytest-cov", "gunicorn", "multidict (>=4.0,<5.0)", "pytest (==5.2.1)"]
docs = ["pygments", "docutils", "recommonmark (>=0.5.0)", "sphinx-rtd-theme", "sphinx (>=2.1.2)"]
dev = ["ujson (>=1.35)", "uvloop (>=0.5.3)", "towncrier", "bandit", "flake8", "black", "tox", "aiofiles", "pytest-benchmark", "pytest-sugar", "pytest-sanic", "beautifulsoup4", "httpcore (==0.3.0)", "pytest-cov", "gunicorn", "multidict (>=4.0,<5.0)", "pytest (==5.2.1)"]
all = ["ujson (>=1.35)", "uvloop (>=0.5.3)", "pygments", "docutils", "recommonmark (>=0.5.0)", "sphinx-rtd-theme", "sphinx (>=2.1.2)", "towncrier", "bandit", "flake8", "black", "tox", "aiofiles", "pytest-benchmark", "pytest-sugar", "pytest-sanic", "beautifulsoup4", "httpcore (==0.3.0)", "pytest-cov", "gunicorn", "multidict (>=4.0,<5.0)", "pytest (==5.2.1)"]

[[package]]
name = "sniffio"
version = "1.2.0"
description = "Sniff out which async library your code is running under"
category = "main"
optional = false
python-versions = ">=3.5"

[package.dependencies]
contextvars = {version = ">=2.1", markers = "python_version < \"3.7\""}

[[package]]
name = "typing-extensions"
version = "4.1.1"
description = "Backported and Experimental Type Hints for Python 3.6+"
category = "main"
optional = false
python-versions = ">=3.6"

[[package]]
name = "ujson"
version = "4.3.0"
description = "Ultra fast JSON encoder and decoder for Python"
category = "main"
optional = false
python-versions = ">=3.6"

[[package]]
name = "urllib3"
version = "1.26.11"
description = "HTTP library with thread-safe connection pooling, file post, and more."
category = "main"
optional = false
python-versions = ">=2.7, !=3.0.*, !=3.1.*, !=3.2.*, !=3.3.*, !=3.4.*, !=3.5.*, <4"

[package.extras]
socks = ["PySocks (>=1.5.6,!=1.5.7,<2.0)"]
secure = ["ipaddress", "certifi", "idna (>=2.0.0)", "cryptography (>=1.3.4)", "pyOpenSSL (>=0.14)"]
brotli = ["brotlipy (>=0.6.0)", "brotli (>=1.0.9)", "brotlicffi (>=0.8.0)"]

[[package]]
name = "uvloop"
version = "0.15.1"
description = "Fast implementation of asyncio event loop on top of libuv"
category = "main"
optional = false
python-versions = "*"

[package.extras]
test = ["mypy (>=0.800)", "pyOpenSSL (>=19.0.0,<19.1.0)", "pycodestyle (>=2.6.0,<2.7.0)", "psutil", "flake8 (>=3.8.4,<3.9.0)", "aiohttp"]
docs = ["sphinx-rtd-theme (>=0.2.4,<0.3.0)", "sphinxcontrib-asyncio (>=0.2.0,<0.3.0)", "Sphinx (>=1.7.3,<1.8.0)"]
dev = ["mypy (>=0.800)", "pyOpenSSL (>=19.0.0,<19.1.0)", "pycodestyle (>=2.6.0,<2.7.0)", "psutil", "flake8 (>=3.8.4,<3.9.0)", "aiohttp", "sphinx-rtd-theme (>=0.2.4,<0.3.0)", "sphinxcontrib-asyncio (>=0.2.0,<0.3.0)", "Sphinx (>=1.7.3,<1.8.0)", "pytest (>=3.6.0)", "Cython (>=0.29.20,<0.30.0)"]

[[package]]
name = "websockets"
version = "8.0.2"
description = "An implementation of the WebSocket Protocol (RFC 6455 & 7692)"
category = "main"
optional = false
python-versions = ">=3.6"

[[package]]
name = "zipp"
version = "3.6.0"
description = "Backport of pathlib-compatible object wrapper for zip files"
category = "dev"
optional = false
python-versions = ">=3.6"

[package.extras]
testing = ["pytest-mypy", "pytest-black (>=0.3.7)", "func-timeout", "jaraco.itertools", "pytest-enabler (>=1.0.1)", "pytest-cov", "pytest-flake8", "pytest-checkdocs (>=2.4)", "pytest (>=4.6)"]
docs = ["rst.linker (>=1.9)", "jaraco.packaging (>=8.2)", "sphinx"]

[metadata]
lock-version = "1.1"
python-versions = "^3.6 || ^3.7"
content-hash = "dbcdc1875a3d5aadb953baa2ec4534509f5b705c412a125750b50badf563423d"

[metadata.files]
aiofiles = [
    {file = "aiofiles-0.8.0-py3-none-any.whl", hash = "sha256:7a973fc22b29e9962d0897805ace5856e6a566ab1f0c8e5c91ff6c866519c937"},
    {file = "aiofiles-0.8.0.tar.gz", hash = "sha256:8334f23235248a3b2e83b2c3a78a22674f39969b96397126cc93664d9a901e59"},
]
certifi = [
    {file = "certifi-2022.6.15-py3-none-any.whl", hash = "sha256:fe86415d55e84719d75f8b69414f6438ac3547d2078ab91b67e779ef69378412"},
    {file = "certifi-2022.6.15.tar.gz", hash = "sha256:84c85a9078b11105f04f3036a9482ae10e4621616db313fe045dd24743a0820d"},
]
chardet = [
    {file = "chardet-3.0.4-py2.py3-none-any.whl", hash = "sha256:fc323ffcaeaed0e0a02bf4d117757b98aed530d9ed4531e3e15460124c106691"},
    {file = "chardet-3.0.4.tar.gz", hash = "sha256:84ab92ed1c4d4f16916e05906b6b75a6c0fb5db821cc65e70cbd64a3e2a5eaae"},
]
contextvars = [
    {file = "contextvars-2.4.tar.gz", hash = "sha256:f38c908aaa59c14335eeea12abea5f443646216c4e29380d7bf34d2018e2c39e"},
]
coverage = [
    {file = "coverage-4.5.4-cp26-cp26m-macosx_10_12_x86_64.whl", hash = "sha256:eee64c616adeff7db37cc37da4180a3a5b6177f5c46b187894e633f088fb5b28"},
    {file = "coverage-4.5.4-cp27-cp27m-macosx_10_12_x86_64.whl", hash = "sha256:ef824cad1f980d27f26166f86856efe11eff9912c4fed97d3804820d43fa550c"},
    {file = "coverage-4.5.4-cp27-cp27m-macosx_10_13_intel.whl", hash = "sha256:9a334d6c83dfeadae576b4d633a71620d40d1c379129d587faa42ee3e2a85cce"},
    {file = "coverage-4.5.4-cp27-cp27m-manylinux1_i686.whl", hash = "sha256:7494b0b0274c5072bddbfd5b4a6c6f18fbbe1ab1d22a41e99cd2d00c8f96ecfe"},
    {file = "coverage-4.5.4-cp27-cp27m-manylinux1_x86_64.whl", hash = "sha256:826f32b9547c8091679ff292a82aca9c7b9650f9fda3e2ca6bf2ac905b7ce888"},
    {file = "coverage-4.5.4-cp27-cp27m-win32.whl", hash = "sha256:63a9a5fc43b58735f65ed63d2cf43508f462dc49857da70b8980ad78d41d52fc"},
    {file = "coverage-4.5.4-cp27-cp27m-win_amd64.whl", hash = "sha256:e2ede7c1d45e65e209d6093b762e98e8318ddeff95317d07a27a2140b80cfd24"},
    {file = "coverage-4.5.4-cp27-cp27mu-manylinux1_i686.whl", hash = "sha256:dd579709a87092c6dbee09d1b7cfa81831040705ffa12a1b248935274aee0437"},
    {file = "coverage-4.5.4-cp27-cp27mu-manylinux1_x86_64.whl", hash = "sha256:08907593569fe59baca0bf152c43f3863201efb6113ecb38ce7e97ce339805a6"},
    {file = "coverage-4.5.4-cp33-cp33m-macosx_10_10_x86_64.whl", hash = "sha256:6b62544bb68106e3f00b21c8930e83e584fdca005d4fffd29bb39fb3ffa03cb5"},
    {file = "coverage-4.5.4-cp34-cp34m-macosx_10_12_x86_64.whl", hash = "sha256:331cb5115673a20fb131dadd22f5bcaf7677ef758741312bee4937d71a14b2ef"},
    {file = "coverage-4.5.4-cp34-cp34m-manylinux1_i686.whl", hash = "sha256:bf1ef9eb901113a9805287e090452c05547578eaab1b62e4ad456fcc049a9b7e"},
    {file = "coverage-4.5.4-cp34-cp34m-manylinux1_x86_64.whl", hash = "sha256:386e2e4090f0bc5df274e720105c342263423e77ee8826002dcffe0c9533dbca"},
    {file = "coverage-4.5.4-cp34-cp34m-win32.whl", hash = "sha256:fa964bae817babece5aa2e8c1af841bebb6d0b9add8e637548809d040443fee0"},
    {file = "coverage-4.5.4-cp34-cp34m-win_amd64.whl", hash = "sha256:df6712284b2e44a065097846488f66840445eb987eb81b3cc6e4149e7b6982e1"},
    {file = "coverage-4.5.4-cp35-cp35m-macosx_10_12_x86_64.whl", hash = "sha256:efc89291bd5a08855829a3c522df16d856455297cf35ae827a37edac45f466a7"},
    {file = "coverage-4.5.4-cp35-cp35m-manylinux1_i686.whl", hash = "sha256:e4ef9c164eb55123c62411f5936b5c2e521b12356037b6e1c2617cef45523d47"},
    {file = "coverage-4.5.4-cp35-cp35m-manylinux1_x86_64.whl", hash = "sha256:ff37757e068ae606659c28c3bd0d923f9d29a85de79bf25b2b34b148473b5025"},
    {file = "coverage-4.5.4-cp35-cp35m-win32.whl", hash = "sha256:bf0a7aed7f5521c7ca67febd57db473af4762b9622254291fbcbb8cd0ba5e33e"},
    {file = "coverage-4.5.4-cp35-cp35m-win_amd64.whl", hash = "sha256:19e4df788a0581238e9390c85a7a09af39c7b539b29f25c89209e6c3e371270d"},
    {file = "coverage-4.5.4-cp36-cp36m-macosx_10_13_x86_64.whl", hash = "sha256:60851187677b24c6085248f0a0b9b98d49cba7ecc7ec60ba6b9d2e5574ac1ee9"},
    {file = "coverage-4.5.4-cp36-cp36m-manylinux1_i686.whl", hash = "sha256:245388cda02af78276b479f299bbf3783ef0a6a6273037d7c60dc73b8d8d7755"},
    {file = "coverage-4.5.4-cp36-cp36m-manylinux1_x86_64.whl", hash = "sha256:c0afd27bc0e307a1ffc04ca5ec010a290e49e3afbe841c5cafc5c5a80ecd81c9"},
    {file = "coverage-4.5.4-cp36-cp36m-win32.whl", hash = "sha256:6ba744056423ef8d450cf627289166da65903885272055fb4b5e113137cfa14f"},
    {file = "coverage-4.5.4-cp36-cp36m-win_amd64.whl", hash = "sha256:af7ed8a8aa6957aac47b4268631fa1df984643f07ef00acd374e456364b373f5"},
    {file = "coverage-4.5.4-cp37-cp37m-macosx_10_13_x86_64.whl", hash = "sha256:3a794ce50daee01c74a494919d5ebdc23d58873747fa0e288318728533a3e1ca"},
    {file = "coverage-4.5.4-cp37-cp37m-manylinux1_i686.whl", hash = "sha256:0be0f1ed45fc0c185cfd4ecc19a1d6532d72f86a2bac9de7e24541febad72650"},
    {file = "coverage-4.5.4-cp37-cp37m-manylinux1_x86_64.whl", hash = "sha256:eca2b7343524e7ba246cab8ff00cab47a2d6d54ada3b02772e908a45675722e2"},
    {file = "coverage-4.5.4-cp37-cp37m-win32.whl", hash = "sha256:93715dffbcd0678057f947f496484e906bf9509f5c1c38fc9ba3922893cda5f5"},
    {file = "coverage-4.5.4-cp37-cp37m-win_amd64.whl", hash = "sha256:23cc09ed395b03424d1ae30dcc292615c1372bfba7141eb85e11e50efaa6b351"},
    {file = "coverage-4.5.4-cp38-cp38-macosx_10_13_x86_64.whl", hash = "sha256:141f08ed3c4b1847015e2cd62ec06d35e67a3ac185c26f7635f4406b90afa9c5"},
    {file = "coverage-4.5.4.tar.gz", hash = "sha256:e07d9f1a23e9e93ab5c62902833bf3e4b1f65502927379148b6622686223125c"},
]
flake8 = [
    {file = "flake8-3.9.2-py2.py3-none-any.whl", hash = "sha256:bf8fd333346d844f616e8d47905ef3a3384edae6b4e9beb0c5101e25e3110907"},
    {file = "flake8-3.9.2.tar.gz", hash = "sha256:07528381786f2a6237b061f6e96610a4167b226cb926e2aa2b6b1d78057c576b"},
]
h11 = [
    {file = "h11-0.9.0-py2.py3-none-any.whl", hash = "sha256:4bc6d6a1238b7615b266ada57e0618568066f57dd6fa967d1290ec9309b2f2f1"},
    {file = "h11-0.9.0.tar.gz", hash = "sha256:33d4bca7be0fa039f4e84d50ab00531047e53d6ee8ffbc83501ea602c169cae1"},
]
h2 = [
    {file = "h2-3.2.0-py2.py3-none-any.whl", hash = "sha256:61e0f6601fa709f35cdb730863b4e5ec7ad449792add80d1410d4174ed139af5"},
    {file = "h2-3.2.0.tar.gz", hash = "sha256:875f41ebd6f2c44781259005b157faed1a5031df3ae5aa7bcb4628a6c0782f14"},
]
hpack = [
    {file = "hpack-3.0.0-py2.py3-none-any.whl", hash = "sha256:0edd79eda27a53ba5be2dfabf3b15780928a0dff6eb0c60a3d6767720e970c89"},
    {file = "hpack-3.0.0.tar.gz", hash = "sha256:8eec9c1f4bfae3408a3f30500261f7e6a65912dc138526ea054f9ad98892e9d2"},
]
hstspreload = [
    {file = "hstspreload-2022.8.1-py3-none-any.whl", hash = "sha256:412dcbd86bb57a7efd2e2a0c597eaf77efe1ce1e5e78db492a9c1c1b786c4144"},
    {file = "hstspreload-2022.8.1.tar.gz", hash = "sha256:e256e52234abbe1cc1e6585b334dfbd87017febc94eebc2c7fc3df37b22efc40"},
]
httptools = [
    {file = "httptools-0.4.0-cp310-cp310-macosx_10_9_universal2.whl", hash = "sha256:fcddfe70553be717d9745990dfdb194e22ee0f60eb8f48c0794e7bfeda30d2d5"},
    {file = "httptools-0.4.0-cp310-cp310-macosx_10_9_x86_64.whl", hash = "sha256:1ee0b459257e222b878a6c09ccf233957d3a4dcb883b0847640af98d2d9aac23"},
    {file = "httptools-0.4.0-cp310-cp310-manylinux_2_17_aarch64.manylinux2014_aarch64.whl", hash = "sha256:ceafd5e960b39c7e0d160a1936b68eb87c5e79b3979d66e774f0c77d4d8faaed"},
    {file = "httptools-0.4.0-cp310-cp310-manylinux_2_5_x86_64.manylinux1_x86_64.manylinux_2_12_x86_64.manylinux2010_x86_64.whl", hash = "sha256:fdb9f9ed79bc6f46b021b3319184699ba1a22410a82204e6e89c774530069683"},
    {file = "httptools-0.4.0-cp310-cp310-musllinux_1_1_aarch64.whl", hash = "sha256:abe829275cdd4174b4c4e65ad718715d449e308d59793bf3a931ee1bf7e7b86c"},
    {file = "httptools-0.4.0-cp310-cp310-musllinux_1_1_x86_64.whl", hash = "sha256:7af6bdbd21a2a25d6784f6d67f44f5df33ef39b6159543b9f9064d365c01f919"},
    {file = "httptools-0.4.0-cp310-cp310-win_amd64.whl", hash = "sha256:5d1fe6b6661022fd6cac541f54a4237496b246e6f1c0a6b41998ee08a1135afe"},
    {file = "httptools-0.4.0-cp36-cp36m-macosx_10_9_x86_64.whl", hash = "sha256:48e48530d9b995a84d1d89ae6b3ec4e59ea7d494b150ac3bbc5e2ac4acce92cd"},
    {file = "httptools-0.4.0-cp36-cp36m-manylinux_2_17_aarch64.manylinux2014_aarch64.whl", hash = "sha256:a113789e53ac1fa26edf99856a61e4c493868e125ae0dd6354cf518948fbbd5c"},
    {file = "httptools-0.4.0-cp36-cp36m-manylinux_2_5_x86_64.manylinux1_x86_64.manylinux_2_12_x86_64.manylinux2010_x86_64.whl", hash = "sha256:8e2eb957787cbb614a0f006bfc5798ff1d90ac7c4dd24854c84edbdc8c02369e"},
    {file = "httptools-0.4.0-cp36-cp36m-musllinux_1_1_aarch64.whl", hash = "sha256:7ee9f226acab9085037582c059d66769862706e8e8cd2340470ceb8b3850873d"},
    {file = "httptools-0.4.0-cp36-cp36m-musllinux_1_1_x86_64.whl", hash = "sha256:701e66b59dd21a32a274771238025d58db7e2b6ecebbab64ceff51b8e31527ae"},
    {file = "httptools-0.4.0-cp36-cp36m-win_amd64.whl", hash = "sha256:6a1a7dfc1f9c78a833e2c4904757a0f47ce25d08634dd2a52af394eefe5f9777"},
    {file = "httptools-0.4.0-cp37-cp37m-macosx_10_9_x86_64.whl", hash = "sha256:903f739c9fb78dab8970b0f3ea51f21955b24b45afa77b22ff0e172fc11ef111"},
    {file = "httptools-0.4.0-cp37-cp37m-manylinux_2_17_aarch64.manylinux2014_aarch64.whl", hash = "sha256:54bbd295f031b866b9799dd39cb45deee81aca036c9bff9f58ca06726f6494f1"},
    {file = "httptools-0.4.0-cp37-cp37m-manylinux_2_5_x86_64.manylinux1_x86_64.manylinux_2_12_x86_64.manylinux2010_x86_64.whl", hash = "sha256:3194f6d6443befa8d4db16c1946b2fc428a3ceb8ab32eb6f09a59f86104dc1a0"},
    {file = "httptools-0.4.0-cp37-cp37m-musllinux_1_1_aarch64.whl", hash = "sha256:cd1295f52971097f757edfbfce827b6dbbfb0f7a74901ee7d4933dff5ad4c9af"},
    {file = "httptools-0.4.0-cp37-cp37m-musllinux_1_1_x86_64.whl", hash = "sha256:20a45bcf22452a10fa8d58b7dbdb474381f6946bf5b8933e3662d572bc61bae4"},
    {file = "httptools-0.4.0-cp37-cp37m-win_amd64.whl", hash = "sha256:d1f27bb0f75bef722d6e22dc609612bfa2f994541621cd2163f8c943b6463dfe"},
    {file = "httptools-0.4.0-cp38-cp38-macosx_10_9_universal2.whl", hash = "sha256:7f7bfb74718f52d5ed47d608d507bf66d3bc01d4a8b3e6dd7134daaae129357b"},
    {file = "httptools-0.4.0-cp38-cp38-macosx_10_9_x86_64.whl", hash = "sha256:a522d12e2ddbc2e91842ffb454a1aeb0d47607972c7d8fc88bd0838d97fb8a2a"},
    {file = "httptools-0.4.0-cp38-cp38-manylinux_2_17_aarch64.manylinux2014_aarch64.whl", hash = "sha256:2db44a0b294d317199e9f80123e72c6b005c55b625b57fae36de68670090fa48"},
    {file = "httptools-0.4.0-cp38-cp38-manylinux_2_5_x86_64.manylinux1_x86_64.manylinux_2_12_x86_64.manylinux2010_x86_64.whl", hash = "sha256:c286985b5e194ca0ebb2908d71464b9be8f17cc66d6d3e330e8d5407248f56ad"},
    {file = "httptools-0.4.0-cp38-cp38-musllinux_1_1_aarch64.whl", hash = "sha256:d3a4e165ca6204f34856b765d515d558dc84f1352033b8721e8d06c3e44930c3"},
    {file = "httptools-0.4.0-cp38-cp38-musllinux_1_1_x86_64.whl", hash = "sha256:72aa3fbe636b16d22e04b5a9d24711b043495e0ecfe58080addf23a1a37f3409"},
    {file = "httptools-0.4.0-cp38-cp38-win_amd64.whl", hash = "sha256:9967d9758df505975913304c434cb9ab21e2c609ad859eb921f2f615a038c8de"},
    {file = "httptools-0.4.0-cp39-cp39-macosx_10_9_universal2.whl", hash = "sha256:f72b5d24d6730035128b238decdc4c0f2104b7056a7ca55cf047c106842ec890"},
    {file = "httptools-0.4.0-cp39-cp39-macosx_10_9_x86_64.whl", hash = "sha256:29bf97a5c532da9c7a04de2c7a9c31d1d54f3abd65a464119b680206bbbb1055"},
    {file = "httptools-0.4.0-cp39-cp39-manylinux_2_17_aarch64.manylinux2014_aarch64.whl", hash = "sha256:98993805f1e3cdb53de4eed02b55dcc953cdf017ba7bbb2fd89226c086a6d855"},
    {file = "httptools-0.4.0-cp39-cp39-manylinux_2_5_x86_64.manylinux1_x86_64.manylinux_2_12_x86_64.manylinux2010_x86_64.whl", hash = "sha256:d9b90bf58f3ba04e60321a23a8723a1ff2a9377502535e70495e5ada8e6e6722"},
    {file = "httptools-0.4.0-cp39-cp39-musllinux_1_1_aarch64.whl", hash = "sha256:1a99346ebcb801b213c591540837340bdf6fd060a8687518d01c607d338b7424"},
    {file = "httptools-0.4.0-cp39-cp39-musllinux_1_1_x86_64.whl", hash = "sha256:645373c070080e632480a3d251d892cb795be3d3a15f86975d0f1aca56fd230d"},
    {file = "httptools-0.4.0-cp39-cp39-win_amd64.whl", hash = "sha256:34d2903dd2a3dd85d33705b6fde40bf91fc44411661283763fd0746723963c83"},
    {file = "httptools-0.4.0.tar.gz", hash = "sha256:2c9a930c378b3d15d6b695fb95ebcff81a7395b4f9775c4f10a076beb0b2c1ff"},
]
httpx = [
    {file = "httpx-0.11.1-py2.py3-none-any.whl", hash = "sha256:1d3893d3e4244c569764a6bae5c5a9fbbc4a6ec3825450b5696602af7a275576"},
    {file = "httpx-0.11.1.tar.gz", hash = "sha256:7d2bfb726eeed717953d15dddb22da9c2fcf48a4d70ba1456aa0a7faeda33cf7"},
]
hyperframe = [
    {file = "hyperframe-5.2.0-py2.py3-none-any.whl", hash = "sha256:5187962cb16dcc078f23cb5a4b110098d546c3f41ff2d4038a9896893bbd0b40"},
    {file = "hyperframe-5.2.0.tar.gz", hash = "sha256:a9f5c17f2cc3c719b917c4f33ed1c61bd1f8dfac4b1bd23b7c80b3400971b41f"},
]
idna = [
    {file = "idna-2.10-py2.py3-none-any.whl", hash = "sha256:b97d804b1e9b523befed77c48dacec60e6dcb0b5391d57af6a65a312a90648c0"},
    {file = "idna-2.10.tar.gz", hash = "sha256:b307872f855b18632ce0c21c5e45be78c0ea7ae4c15c828c20788b26921eb3f6"},
]
immutables = [
    {file = "immutables-0.18-cp310-cp310-macosx_10_9_universal2.whl", hash = "sha256:d841dfa15b932bdad27f5149bce86b32d0dd8a29679ed61405677317b6893447"},
    {file = "immutables-0.18-cp310-cp310-macosx_10_9_x86_64.whl", hash = "sha256:29a5886845cd0ca8263b721337750a895e28feee2f16694a526977a791909db5"},
    {file = "immutables-0.18-cp310-cp310-manylinux_2_17_aarch64.manylinux2014_aarch64.whl", hash = "sha256:6e979a9225507e3cd830ea73ac68b69fe82f495313a891485800daa5b6567e05"},
    {file = "immutables-0.18-cp310-cp310-manylinux_2_5_i686.manylinux1_i686.manylinux_2_17_i686.manylinux2014_i686.whl", hash = "sha256:9949f704b80d0e601587d0a3b1a0cc6ff5d49528f6dfc1c8a1476b2137bb925e"},
    {file = "immutables-0.18-cp310-cp310-manylinux_2_5_x86_64.manylinux1_x86_64.manylinux_2_17_x86_64.manylinux2014_x86_64.whl", hash = "sha256:2b6c820c9bb5aac62b76de703384bb8bb706108be90c3def4a7f047f185a92bb"},
    {file = "immutables-0.18-cp310-cp310-musllinux_1_1_aarch64.whl", hash = "sha256:03696193b276db3a9b619629685198886ddd7c4098c544bd8d0f87532c74120b"},
    {file = "immutables-0.18-cp310-cp310-musllinux_1_1_i686.whl", hash = "sha256:798b4d6c388116effa7523591e4e39865292e4fa74e169b05a0759a16f604ce1"},
    {file = "immutables-0.18-cp310-cp310-musllinux_1_1_x86_64.whl", hash = "sha256:b3621256bc8058a7973f736b9e2c940e17133476265a0a83b8df8c0f446ca32f"},
    {file = "immutables-0.18-cp310-cp310-win32.whl", hash = "sha256:98f67bd36532582751dcc9021fdb60e7efc82e5717ae5927b84d0b86ea58fe12"},
    {file = "immutables-0.18-cp310-cp310-win_amd64.whl", hash = "sha256:69352b45a115808219feaf0bb7a551e9aa76c72684db93cd03f11474165f4569"},
    {file = "immutables-0.18-cp36-cp36m-macosx_10_9_x86_64.whl", hash = "sha256:6ee2d6f8816fce53fa89b6a1ba2d4a96b344bf584d6ed0b10a871b17fff46e49"},
    {file = "immutables-0.18-cp36-cp36m-manylinux_2_17_aarch64.manylinux2014_aarch64.whl", hash = "sha256:13159cedb698fdd243d9f2a7469c1628e075a180fc02f865dd98322b92a14aaf"},
    {file = "immutables-0.18-cp36-cp36m-manylinux_2_5_i686.manylinux1_i686.manylinux_2_17_i686.manylinux2014_i686.whl", hash = "sha256:9d72527fde329e3b566b67c954237be52b07d6e84ff23dcc1e94499755cacff6"},
    {file = "immutables-0.18-cp36-cp36m-manylinux_2_5_x86_64.manylinux1_x86_64.manylinux_2_17_x86_64.manylinux2014_x86_64.whl", hash = "sha256:53fccddd28cc3214aa48ca564702311c07eac069190dd890e097802c5d69b33a"},
    {file = "immutables-0.18-cp36-cp36m-musllinux_1_1_aarch64.whl", hash = "sha256:a29e3aa0fe05fb2cc6b31039f448aa6206d7f0cdb660c98aa9be6d12070d6840"},
    {file = "immutables-0.18-cp36-cp36m-musllinux_1_1_i686.whl", hash = "sha256:ffced8535cc673fcfb411d28ba5744689a6978fa596c803725a76f43c1bda911"},
    {file = "immutables-0.18-cp36-cp36m-musllinux_1_1_x86_64.whl", hash = "sha256:9f17407491164beb689d426f7985f79ae9dfa69868653cfbdb95645f6bf05cb0"},
    {file = "immutables-0.18-cp36-cp36m-win32.whl", hash = "sha256:74456c579cfd53f883cdcc0700e3871648a3316767efc1adf8c723ad3d8addec"},
    {file = "immutables-0.18-cp36-cp36m-win_amd64.whl", hash = "sha256:e4c2110173649acf67bd763bbd2a9c3a863a1d20fd7f3db3493ce4e0fb04fae5"},
    {file = "immutables-0.18-cp37-cp37m-macosx_10_9_x86_64.whl", hash = "sha256:2aa5292630b08c874972931bac06ee381cb6fb7382d7be1856234d7bd4a8e676"},
    {file = "immutables-0.18-cp37-cp37m-manylinux_2_17_aarch64.manylinux2014_aarch64.whl", hash = "sha256:bc830a689a55e404f0e23d7d69e01c218fa8a0be54a6ca5df45b6fbfeeac648a"},
    {file = "immutables-0.18-cp37-cp37m-manylinux_2_5_i686.manylinux1_i686.manylinux_2_17_i686.manylinux2014_i686.whl", hash = "sha256:5caf9c670e6851e7f310716c7dcdf8705236d13056eda1fab3deaad5d7198468"},
    {file = "immutables-0.18-cp37-cp37m-manylinux_2_5_x86_64.manylinux1_x86_64.manylinux_2_17_x86_64.manylinux2014_x86_64.whl", hash = "sha256:853d63f4a07b2ea2131ba0831aeec11f6a6ee5e290e8f175bf56842762d7412e"},
    {file = "immutables-0.18-cp37-cp37m-musllinux_1_1_aarch64.whl", hash = "sha256:9a86dcca4bb406f80e7a18c233aec0e76a7530c456e24aa1e19a708a34f2aac1"},
    {file = "immutables-0.18-cp37-cp37m-musllinux_1_1_i686.whl", hash = "sha256:6baf4dc11ba0e9f41a6cbde7ecaa7af9cb482559b92ba3254e3e37a518b1970e"},
    {file = "immutables-0.18-cp37-cp37m-musllinux_1_1_x86_64.whl", hash = "sha256:734ec4467dd15f9135ca5ecccc91e796a67d27c227e81554f9e06b1bb3b28d6d"},
    {file = "immutables-0.18-cp37-cp37m-win32.whl", hash = "sha256:f6edb73619aa0a5fe4a77d97dd9d39bfeef61a5afe71aa5bdceccf59b933999e"},
    {file = "immutables-0.18-cp37-cp37m-win_amd64.whl", hash = "sha256:fade8ccf7afbc1e7ea353159fa90cc04395f2f4f57658160d7a02f6aa60c4e77"},
    {file = "immutables-0.18-cp38-cp38-macosx_10_9_universal2.whl", hash = "sha256:8b650d779a46441dccd02e7ee8326dbd0dec633c6bd75e9fe13373a6b19570dd"},
    {file = "immutables-0.18-cp38-cp38-macosx_10_9_x86_64.whl", hash = "sha256:1acbbc333f1643fd1ed21bcc3e09aad2ef6648478a0cae76a2ca5823764a7d3b"},
    {file = "immutables-0.18-cp38-cp38-manylinux_2_17_aarch64.manylinux2014_aarch64.whl", hash = "sha256:a3bad4d43009fa61ea40d887e6fa89ae7c4e62dff5e4a878d60b76cf245720bb"},
    {file = "immutables-0.18-cp38-cp38-manylinux_2_5_i686.manylinux1_i686.manylinux_2_17_i686.manylinux2014_i686.whl", hash = "sha256:e04b61ddffd4ccb4d7ab823b2e55dbb4ad47c37697e311fae4b98b3c023ab194"},
    {file = "immutables-0.18-cp38-cp38-manylinux_2_5_x86_64.manylinux1_x86_64.manylinux_2_17_x86_64.manylinux2014_x86_64.whl", hash = "sha256:54577e46c5332d7390212040c084335b7d667504847ed2788428d44f20e595ce"},
    {file = "immutables-0.18-cp38-cp38-musllinux_1_1_aarch64.whl", hash = "sha256:1330f96eb6a3a11f5d02f30b2c6393ef30d01a79f7144d63d2a3e6ff05cb99db"},
    {file = "immutables-0.18-cp38-cp38-musllinux_1_1_i686.whl", hash = "sha256:1d6821d7718cf9f4a7b1d9e765fc22a9d1ae0fad3fabd8724b4e614d2a6e0b54"},
    {file = "immutables-0.18-cp38-cp38-musllinux_1_1_x86_64.whl", hash = "sha256:45bd862a5dfb952eaff4a9c2448712c5a550dd956575e23cbfc512010fb06c74"},
    {file = "immutables-0.18-cp38-cp38-win32.whl", hash = "sha256:989606e440492736112b471dcd80586e3d4a63bc6f8ff4f9d1d612e0f96cb683"},
    {file = "immutables-0.18-cp38-cp38-win_amd64.whl", hash = "sha256:ac9e05f846392e983fb59f74ed2334031b366251d16d24122e4c85f70fb6e2da"},
    {file = "immutables-0.18-cp39-cp39-macosx_10_9_universal2.whl", hash = "sha256:de1a091ab89b7ba50501a915a0fbdceb52b079c752f4f7c76d2060237774a714"},
    {file = "immutables-0.18-cp39-cp39-macosx_10_9_x86_64.whl", hash = "sha256:5d43b16b6adbe1327c6688e14b125cb3b940e748790b305de96c8d55668ac25f"},
    {file = "immutables-0.18-cp39-cp39-manylinux_2_17_aarch64.manylinux2014_aarch64.whl", hash = "sha256:5f32b5933393e4cc204d8f9e7d9f503ec052e30f612090be0de0dd31b1464b35"},
    {file = "immutables-0.18-cp39-cp39-manylinux_2_5_i686.manylinux1_i686.manylinux_2_17_i686.manylinux2014_i686.whl", hash = "sha256:525fe9001b5a96c325eec41677efaeb8c3610776e834ce7f31fbe3d33cc05252"},
    {file = "immutables-0.18-cp39-cp39-manylinux_2_5_x86_64.manylinux1_x86_64.manylinux_2_17_x86_64.manylinux2014_x86_64.whl", hash = "sha256:d11da4946e19f3b24a873b2ba2891cc226a89bb398561c62dfb966a9b6501a4a"},
    {file = "immutables-0.18-cp39-cp39-musllinux_1_1_aarch64.whl", hash = "sha256:90da9dea0a1c0a907d511f124cd87fe090c0e30a951c3fe68bc9782ae4f2c77f"},
    {file = "immutables-0.18-cp39-cp39-musllinux_1_1_i686.whl", hash = "sha256:77bdc96dc24e32839557cde3785f8039a369c95529ff9179044b81d0ba4bd02c"},
    {file = "immutables-0.18-cp39-cp39-musllinux_1_1_x86_64.whl", hash = "sha256:210efea163a704597cfdb2d30713d3c0963c30f0d997539c9ab5da40e3d6a886"},
    {file = "immutables-0.18-cp39-cp39-win32.whl", hash = "sha256:535616ad7ca1174a27ade637192c970bfedb0b0e0467e69ce415b40d7cf7ba0c"},
    {file = "immutables-0.18-cp39-cp39-win_amd64.whl", hash = "sha256:1338aad6fd69f11442adcbb3402a028c90f6e945682ddb8aba462a3827f2d427"},
    {file = "immutables-0.18.tar.gz", hash = "sha256:5336c7974084cce62f7e29aaff81a3c3f75e0fd0a23a2faeb986ae0ea08d8cf4"},
]
importlib-metadata = [
    {file = "importlib_metadata-4.8.3-py3-none-any.whl", hash = "sha256:65a9576a5b2d58ca44d133c42a241905cc45e34d2c06fd5ba2bafa221e5d7b5e"},
    {file = "importlib_metadata-4.8.3.tar.gz", hash = "sha256:766abffff765960fcc18003801f7044eb6755ffae4521c8e8ce8e83b9c9b0668"},
]
mccabe = [
    {file = "mccabe-0.6.1-py2.py3-none-any.whl", hash = "sha256:ab8a6258860da4b6677da4bd2fe5dc2c659cff31b3ee4f7f5d64e79735b80d42"},
    {file = "mccabe-0.6.1.tar.gz", hash = "sha256:dd8d182285a0fe56bace7f45b5e7d1a6ebcbf524e8f3bd87eb0f125271b8831f"},
]
multidict = [
    {file = "multidict-4.7.6-cp35-cp35m-macosx_10_14_x86_64.whl", hash = "sha256:275ca32383bc5d1894b6975bb4ca6a7ff16ab76fa622967625baeebcf8079000"},
    {file = "multidict-4.7.6-cp35-cp35m-manylinux1_x86_64.whl", hash = "sha256:1ece5a3369835c20ed57adadc663400b5525904e53bae59ec854a5d36b39b21a"},
    {file = "multidict-4.7.6-cp35-cp35m-win32.whl", hash = "sha256:5141c13374e6b25fe6bf092052ab55c0c03d21bd66c94a0e3ae371d3e4d865a5"},
    {file = "multidict-4.7.6-cp35-cp35m-win_amd64.whl", hash = "sha256:9456e90649005ad40558f4cf51dbb842e32807df75146c6d940b6f5abb4a78f3"},
    {file = "multidict-4.7.6-cp36-cp36m-macosx_10_14_x86_64.whl", hash = "sha256:e0d072ae0f2a179c375f67e3da300b47e1a83293c554450b29c900e50afaae87"},
    {file = "multidict-4.7.6-cp36-cp36m-manylinux1_x86_64.whl", hash = "sha256:3750f2205b800aac4bb03b5ae48025a64e474d2c6cc79547988ba1d4122a09e2"},
    {file = "multidict-4.7.6-cp36-cp36m-win32.whl", hash = "sha256:f07acae137b71af3bb548bd8da720956a3bc9f9a0b87733e0899226a2317aeb7"},
    {file = "multidict-4.7.6-cp36-cp36m-win_amd64.whl", hash = "sha256:6513728873f4326999429a8b00fc7ceddb2509b01d5fd3f3be7881a257b8d463"},
    {file = "multidict-4.7.6-cp37-cp37m-macosx_10_14_x86_64.whl", hash = "sha256:feed85993dbdb1dbc29102f50bca65bdc68f2c0c8d352468c25b54874f23c39d"},
    {file = "multidict-4.7.6-cp37-cp37m-manylinux1_x86_64.whl", hash = "sha256:fcfbb44c59af3f8ea984de67ec7c306f618a3ec771c2843804069917a8f2e255"},
    {file = "multidict-4.7.6-cp37-cp37m-win32.whl", hash = "sha256:4538273208e7294b2659b1602490f4ed3ab1c8cf9dbdd817e0e9db8e64be2507"},
    {file = "multidict-4.7.6-cp37-cp37m-win_amd64.whl", hash = "sha256:d14842362ed4cf63751648e7672f7174c9818459d169231d03c56e84daf90b7c"},
    {file = "multidict-4.7.6-cp38-cp38-macosx_10_14_x86_64.whl", hash = "sha256:c026fe9a05130e44157b98fea3ab12969e5b60691a276150db9eda71710cd10b"},
    {file = "multidict-4.7.6-cp38-cp38-manylinux1_x86_64.whl", hash = "sha256:51a4d210404ac61d32dada00a50ea7ba412e6ea945bbe992e4d7a595276d2ec7"},
    {file = "multidict-4.7.6-cp38-cp38-win32.whl", hash = "sha256:5cf311a0f5ef80fe73e4f4c0f0998ec08f954a6ec72b746f3c179e37de1d210d"},
    {file = "multidict-4.7.6-cp38-cp38-win_amd64.whl", hash = "sha256:7388d2ef3c55a8ba80da62ecfafa06a1c097c18032a501ffd4cabbc52d7f2b19"},
    {file = "multidict-4.7.6.tar.gz", hash = "sha256:fbb77a75e529021e7c4a8d4e823d88ef4d23674a202be4f5addffc72cbb91430"},
]
prometheus-client = [
    {file = "prometheus_client-0.7.1.tar.gz", hash = "sha256:71cd24a2b3eb335cb800c7159f423df1bd4dcd5171b234be15e3f31ec9f622da"},
]
pycodestyle = [
    {file = "pycodestyle-2.7.0-py2.py3-none-any.whl", hash = "sha256:514f76d918fcc0b55c6680472f0a37970994e07bbb80725808c17089be302068"},
    {file = "pycodestyle-2.7.0.tar.gz", hash = "sha256:c389c1d06bf7904078ca03399a4816f974a1d590090fecea0c63ec26ebaf1cef"},
]
pyflakes = [
    {file = "pyflakes-2.3.1-py2.py3-none-any.whl", hash = "sha256:7893783d01b8a89811dd72d7dfd4d84ff098e5eed95cfa8905b22bbffe52efc3"},
    {file = "pyflakes-2.3.1.tar.gz", hash = "sha256:f5bc8ecabc05bb9d291eb5203d6810b49040f6ff446a756326104746cc00c1db"},
]
rfc3986 = [
    {file = "rfc3986-1.5.0-py2.py3-none-any.whl", hash = "sha256:a86d6e1f5b1dc238b218b012df0aa79409667bb209e58da56d0b94704e712a97"},
    {file = "rfc3986-1.5.0.tar.gz", hash = "sha256:270aaf10d87d0d4e095063c65bf3ddbc6ee3d0b226328ce21e036f946e421835"},
]
sanic = [
    {file = "sanic-20.3.0-py3-none-any.whl", hash = "sha256:7d05e82772bfbfa084b9c40197ef47e26dc1c0e352f8c34f637ef7c67585975f"},
    {file = "sanic-20.3.0.tar.gz", hash = "sha256:b4078fe0654d0304f2e86e4f35f3d2d0d5aff56cc0e6d8978838282dff645aff"},
]
sniffio = []
typing-extensions = [
    {file = "typing_extensions-4.1.1-py3-none-any.whl", hash = "sha256:21c85e0fe4b9a155d0799430b0ad741cdce7e359660ccbd8b530613e8df88ce2"},
    {file = "typing_extensions-4.1.1.tar.gz", hash = "sha256:1a9462dcc3347a79b1f1c0271fbe79e844580bb598bafa1ed208b94da3cdcd42"},
]
ujson = [
    {file = "ujson-4.3.0-cp310-cp310-macosx_10_14_x86_64.whl", hash = "sha256:3609e0514f6f721c6c9818b9374ec91b994e59fb193af2f924ca3f2f32009f1c"},
    {file = "ujson-4.3.0-cp310-cp310-manylinux_2_17_aarch64.manylinux2014_aarch64.whl", hash = "sha256:de42986e2602b6a0baca452ff50e9cbe66faf256761295d5d07ae3f6757b487d"},
    {file = "ujson-4.3.0-cp310-cp310-manylinux_2_17_x86_64.manylinux2014_x86_64.whl", hash = "sha256:843fd8b3246b2b20bbae48b2334d26507c9531b2b014533adfc6132e3ec8e60c"},
    {file = "ujson-4.3.0-cp310-cp310-manylinux_2_5_i686.manylinux1_i686.manylinux_2_17_i686.manylinux2014_i686.whl", hash = "sha256:5d1083a0dcb39b43cfcd948f09e480c23eb4af66d7d08f6b36951f4c629c3bd1"},
    {file = "ujson-4.3.0-cp310-cp310-musllinux_1_1_aarch64.whl", hash = "sha256:01d12df8eb25afb939a003284b5b5adca9788c1176c445641e5980fa892562ac"},
    {file = "ujson-4.3.0-cp310-cp310-musllinux_1_1_x86_64.whl", hash = "sha256:b0b9cde57eebaac26de040f8ebf0541e06fe9bcf7e42872dc036d2ced7d99ccf"},
    {file = "ujson-4.3.0-cp310-cp310-win32.whl", hash = "sha256:3d8eaab72ad8129c12ed90ebf310230bd014b6bbf99145ebf2bc890238e0254f"},
    {file = "ujson-4.3.0-cp310-cp310-win_amd64.whl", hash = "sha256:85f28c38952b8a94183ab15ec6c6e89c117d00ceeae5d754ef1a33e01e28b845"},
    {file = "ujson-4.3.0-cp36-cp36m-macosx_10_14_x86_64.whl", hash = "sha256:8a0d9dde58937976cd06cd776411b77b0e5d38db0a3c1be28ee8bb428ff5a42b"},
    {file = "ujson-4.3.0-cp36-cp36m-manylinux_2_17_aarch64.manylinux2014_aarch64.whl", hash = "sha256:9f4a34386785a33600ac7442fec34c3d8b2d7e5309cfc94bc7c9ba93f12640c2"},
    {file = "ujson-4.3.0-cp36-cp36m-manylinux_2_17_x86_64.manylinux2014_x86_64.whl", hash = "sha256:d8e2a52fbeee55db306b9306892f5cde7e78c56069c1212abf176d1886fff60a"},
    {file = "ujson-4.3.0-cp36-cp36m-manylinux_2_5_i686.manylinux1_i686.manylinux_2_17_i686.manylinux2014_i686.whl", hash = "sha256:9c5330692122b999997911252466a7d17e4e428d7d9a8db0b99ba81b8b9c010c"},
    {file = "ujson-4.3.0-cp36-cp36m-musllinux_1_1_aarch64.whl", hash = "sha256:9baa160ba1d3f712a356e77718251c9d9eee43ed548debdcc9d75b06a75b3e82"},
    {file = "ujson-4.3.0-cp36-cp36m-musllinux_1_1_x86_64.whl", hash = "sha256:a6c32356145d95a0403b5895d60c36798a48af13b8863e43ad7457a0361afad0"},
    {file = "ujson-4.3.0-cp36-cp36m-win32.whl", hash = "sha256:b72fadeea5727204674c9f77166da7feaafdf70f1ed50bb15bf321f7c39c7194"},
    {file = "ujson-4.3.0-cp36-cp36m-win_amd64.whl", hash = "sha256:1601354caaab0697a9b24815a31611ad013d29cf957d545fc1cd59835b82e3c1"},
    {file = "ujson-4.3.0-cp37-cp37m-macosx_10_14_x86_64.whl", hash = "sha256:b80a35bad8fad1772f992bae8086b0cde788cd3b37f35d0d4506c93e6edad645"},
    {file = "ujson-4.3.0-cp37-cp37m-manylinux_2_17_aarch64.manylinux2014_aarch64.whl", hash = "sha256:7a318df321d7adc3de876b29640cca8de1ad4d4e4fe7c4a76d64d9d6f1676304"},
    {file = "ujson-4.3.0-cp37-cp37m-manylinux_2_17_x86_64.manylinux2014_x86_64.whl", hash = "sha256:fc9a508efb829bf0542be9b2578d8da08f0ab1fa712e086ebb777d6ec9e6d8d2"},
    {file = "ujson-4.3.0-cp37-cp37m-manylinux_2_5_i686.manylinux1_i686.manylinux_2_17_i686.manylinux2014_i686.whl", hash = "sha256:43d2403451d7bd27b6a600f89d4bd2cf6e1b3494254509d8b5ef3c8e94ae4d8e"},
    {file = "ujson-4.3.0-cp37-cp37m-musllinux_1_1_aarch64.whl", hash = "sha256:fd0901db652a58f46550074596227dbddb7a02d2de744d3cd2358101f78037bb"},
    {file = "ujson-4.3.0-cp37-cp37m-musllinux_1_1_x86_64.whl", hash = "sha256:00fd67952b1a8a46cf5b0a51b3838187332d13d2e8d178423c5a5405c21d9e7c"},
    {file = "ujson-4.3.0-cp37-cp37m-win32.whl", hash = "sha256:b0e9510e867c72a87db2d16377c2bef912f29afd8381d1fdae332b9b7f697efa"},
    {file = "ujson-4.3.0-cp37-cp37m-win_amd64.whl", hash = "sha256:294e907f134fb5d83e0a4439cf4040d74da77157938b4db5730cd174621dcf8b"},
    {file = "ujson-4.3.0-cp38-cp38-macosx_10_14_x86_64.whl", hash = "sha256:087cd977f4f63f885a49607244e7e157801a22aadcc075a262d3c3633138573c"},
    {file = "ujson-4.3.0-cp38-cp38-manylinux_2_17_aarch64.manylinux2014_aarch64.whl", hash = "sha256:4f35dcf6d2a67e913a7135809006bd000d55ad5b5834b5dbe5b82dcf8db1ac05"},
    {file = "ujson-4.3.0-cp38-cp38-manylinux_2_17_x86_64.manylinux2014_x86_64.whl", hash = "sha256:f158fdb08e022f2f16f0fba317a80558b0cebc7e2c84ae783e5f75616d5c90d5"},
    {file = "ujson-4.3.0-cp38-cp38-manylinux_2_5_i686.manylinux1_i686.manylinux_2_17_i686.manylinux2014_i686.whl", hash = "sha256:2a06006dad34c8cfaa734bd6458452e46702b368da53b56e7732351082aa0420"},
    {file = "ujson-4.3.0-cp38-cp38-musllinux_1_1_aarch64.whl", hash = "sha256:6df94e675b05ecf4e7a57883a73b916ffcb5872d7b1298ac5cef8ac1cbce73c6"},
    {file = "ujson-4.3.0-cp38-cp38-musllinux_1_1_x86_64.whl", hash = "sha256:47af81df5d575e36d4be9396db94f35c8f62de3077a405f9af94f9756255cef5"},
    {file = "ujson-4.3.0-cp38-cp38-win32.whl", hash = "sha256:e46c1462761db518fae51ab0d89a6256aeac148a795f7244d9084c459b477af5"},
    {file = "ujson-4.3.0-cp38-cp38-win_amd64.whl", hash = "sha256:bf199015910fcfa19b6e12881abeb462498791b2ab0111ff8b17095d0477e9d4"},
    {file = "ujson-4.3.0-cp39-cp39-macosx_10_14_x86_64.whl", hash = "sha256:32ee97ec37af31b35ca4395732d883bf74fb70309d38485f7fb9a5cc3332c53e"},
    {file = "ujson-4.3.0-cp39-cp39-manylinux_2_17_aarch64.manylinux2014_aarch64.whl", hash = "sha256:1f211c7c0c9377cbf4650aa990118d0c2cce3c5fad476c39ecd35b6714ba4463"},
    {file = "ujson-4.3.0-cp39-cp39-manylinux_2_17_x86_64.manylinux2014_x86_64.whl", hash = "sha256:0c81159d3f1bcb5729ba019e63e78ee6c91b556e1ac0e67c7579768720fd3c4e"},
    {file = "ujson-4.3.0-cp39-cp39-manylinux_2_5_i686.manylinux1_i686.manylinux_2_17_i686.manylinux2014_i686.whl", hash = "sha256:b850029d64008e970cae04ada69aa33e1cd412106a1efde221269c1cda1b40cc"},
    {file = "ujson-4.3.0-cp39-cp39-musllinux_1_1_aarch64.whl", hash = "sha256:327ec982bb89abe779fe463e1013c47aae6ed53b76600af7cb1e8b8cb0ee9f85"},
    {file = "ujson-4.3.0-cp39-cp39-musllinux_1_1_x86_64.whl", hash = "sha256:103cbabe4e6fd70c957219519e37d65be612d7c74d91ef19022a2c8f8c5e4e82"},
    {file = "ujson-4.3.0-cp39-cp39-win32.whl", hash = "sha256:7b0a63865ec2978ebafb0906bf982eb52bea26fc98e2ae5e59b9d204afe2d762"},
    {file = "ujson-4.3.0-cp39-cp39-win_amd64.whl", hash = "sha256:18040475d997d93a6851d8bee474fba2ec94869e8f826dddd66cdae4aa3fdb92"},
    {file = "ujson-4.3.0-pp37-pypy37_pp73-manylinux_2_17_aarch64.manylinux2014_aarch64.whl", hash = "sha256:df481d4e13ca34d870d1fdf387742867edff3f78a1eea1bbcd72ea2fa68d9a6e"},
    {file = "ujson-4.3.0-pp37-pypy37_pp73-manylinux_2_17_x86_64.manylinux2014_x86_64.whl", hash = "sha256:e7e73ec5ba1b42c2027773f69b70eff28df132907aa98b28166c39d3ea45e85b"},
    {file = "ujson-4.3.0-pp37-pypy37_pp73-manylinux_2_5_i686.manylinux1_i686.manylinux_2_17_i686.manylinux2014_i686.whl", hash = "sha256:b270088e472f1d65a0a0aab3190010b9ac1a5b2969d39bf2b53c0fbf339bc87a"},
    {file = "ujson-4.3.0.tar.gz", hash = "sha256:baee56eca35cb5fbe02c28bd9c0936be41a96fa5c0812d9d4b7edeb5c3d568a0"},
]
urllib3 = [
    {file = "urllib3-1.26.11-py2.py3-none-any.whl", hash = "sha256:c33ccba33c819596124764c23a97d25f32b28433ba0dedeb77d873a38722c9bc"},
    {file = "urllib3-1.26.11.tar.gz", hash = "sha256:ea6e8fb210b19d950fab93b60c9009226c63a28808bc8386e05301e25883ac0a"},
]
uvloop = [
    {file = "uvloop-0.15.1-cp37-cp37m-macosx_10_14_x86_64.whl", hash = "sha256:9541dc3f391941796ae95c9c3bb16b813acf9e3d4beebfd3b623f1acb22d318d"},
    {file = "uvloop-0.15.1-cp37-cp37m-manylinux2010_x86_64.whl", hash = "sha256:e178c255622d928d464187e3ceba94db88465f6b17909c651483fb73af8d8b85"},
    {file = "uvloop-0.15.1-cp37-cp37m-manylinux2014_aarch64.whl", hash = "sha256:47ec567151070ed770211d359ad9250b59368548c60212c7ef6dda3f5b1778f6"},
    {file = "uvloop-0.15.1-cp38-cp38-macosx_10_14_x86_64.whl", hash = "sha256:66881fe8a2187334c4dd5010c56310bdf32fe426613f9ca727f090bc31280624"},
    {file = "uvloop-0.15.1-cp38-cp38-manylinux2010_x86_64.whl", hash = "sha256:e72779681f839b6a069d7e7a9f7962a1d1927612c5c2e33071415478bdc1b91b"},
    {file = "uvloop-0.15.1-cp38-cp38-manylinux2014_aarch64.whl", hash = "sha256:ed073d24e0c383c24d17d3a2bb209b999ff0a8130e89b7c3f033db9e0c3bd04f"},
    {file = "uvloop-0.15.1-cp39-cp39-macosx_10_14_x86_64.whl", hash = "sha256:236a3c31096e0845029856f7bc07a938340c2cdb35d9d39b38c9253b672bf948"},
    {file = "uvloop-0.15.1-cp39-cp39-manylinux2010_x86_64.whl", hash = "sha256:ca8a9e982f0bfbe331f41902cdd721c6e749e4685a403685e792b86a584f5969"},
    {file = "uvloop-0.15.1-cp39-cp39-manylinux2014_aarch64.whl", hash = "sha256:1ae1ad731c8c0dcee80e0ecf06274f0f7293244d2cef81fa2747321a370a6aba"},
    {file = "uvloop-0.15.1.tar.gz", hash = "sha256:7846828112bfb49abc5fdfc47d0e4dfd7402115c9fde3c14c31818cfbeeb63dc"},
]
websockets = [
    {file = "websockets-8.0.2-cp36-cp36m-macosx_10_6_intel.whl", hash = "sha256:e906128532a14b9d264a43eb48f9b3080d53a9bda819ab45bf56b8039dc606ac"},
    {file = "websockets-8.0.2-cp36-cp36m-manylinux1_i686.whl", hash = "sha256:83e63aa73331b9ca21af61df8f115fb5fbcba3f281bee650a4ad16a40cd1ef15"},
    {file = "websockets-8.0.2-cp36-cp36m-manylinux1_x86_64.whl", hash = "sha256:e9102043a81cdc8b7c8032ff4bce39f6229e4ac39cb2010946c912eeb84e2cb6"},
    {file = "websockets-8.0.2-cp36-cp36m-win32.whl", hash = "sha256:8d7a20a2f97f1e98c765651d9fb9437201a9ccc2c70e94b0270f1c5ef29667a3"},
    {file = "websockets-8.0.2-cp36-cp36m-win_amd64.whl", hash = "sha256:c82e286555f839846ef4f0fdd6910769a577952e1e26aa8ee7a6f45f040e3c2b"},
    {file = "websockets-8.0.2-cp37-cp37m-macosx_10_6_intel.whl", hash = "sha256:73ce69217e4655783ec72ce11c151053fcbd5b837cc39de7999e19605182e28a"},
    {file = "websockets-8.0.2-cp37-cp37m-manylinux1_i686.whl", hash = "sha256:8c77f7d182a6ea2a9d09c2612059f3ad859a90243e899617137ee3f6b7f2b584"},
    {file = "websockets-8.0.2-cp37-cp37m-manylinux1_x86_64.whl", hash = "sha256:a7affaeffbc5d55681934c16bb6b8fc82bb75b175e7fd4dcca798c938bde8dda"},
    {file = "websockets-8.0.2-cp37-cp37m-win32.whl", hash = "sha256:f5cb2683367e32da6a256b60929a3af9c29c212b5091cf5bace9358d03011bf5"},
    {file = "websockets-8.0.2-cp37-cp37m-win_amd64.whl", hash = "sha256:049e694abe33f8a1d99969fee7bfc0ae6761f7fd5f297c58ea933b27dd6805f2"},
    {file = "websockets-8.0.2.tar.gz", hash = "sha256:882a7266fa867a2ebb2c0baaa0f9159cabf131cf18c1b4270d79ad42f9208dc5"},
]
zipp = [
    {file = "zipp-3.6.0-py3-none-any.whl", hash = "sha256:9fe5ea21568a0a70e50f273397638d39b03353731e6cbbb3fd8502a33fec40bc"},
    {file = "zipp-3.6.0.tar.gz", hash = "sha256:71c644c5369f4a6e07636f0aa966270449561fcea2e3d6747b8d23efaa9d7832"},
]
